
Microsoft Visual Studio Solution File, Format Version 12.00
# Blend for Visual Studio Version 17
VisualStudioVersion = 17.3.32804.467
MinimumVisualStudioVersion = 10.0.40219.1
Project("{FAE04EC0-301F-11D3-BF4B-00C04F79EFBC}") = "PIDController", "PIDController\PIDController.csproj", "{76E88BF1-956A-42ED-A58A-3925E284A438}"
EndProject
Global
	GlobalSection(SolutionConfigurationPlatforms) = preSolution
		Debug|Any CPU = Debug|Any CPU
		Release|Any CPU = Release|Any CPU
	EndGlobalSection
	GlobalSection(ProjectConfigurationPlatforms) = postSolution
		{76E88BF1-956A-42ED-A58A-3925E284A438}.Debug|Any CPU.ActiveCfg = Debug|Any CPU
		{76E88BF1-956A-42ED-A58A-3925E284A438}.Debug|Any CPU.Build.0 = Debug|Any CPU
		{76E88BF1-956A-42ED-A58A-3925E284A438}.Release|Any CPU.ActiveCfg = Release|Any CPU
		{76E88BF1-956A-42ED-A58A-3925E284A438}.Release|Any CPU.Build.0 = Release|Any CPU
	EndGlobalSection
	GlobalSection(SolutionProperties) = preSolution
		HideSolutionNode = FALSE
	EndGlobalSection
	GlobalSection(ExtensibilityGlobals) = postSolution
		SolutionGuid = {869CD86B-C2EE-4755-BEE0-7987F1208D45}
	EndGlobalSection
EndGlobal
